PODS:
  - Down (0.11.0)
  - FinAgentic (1.0.0):
    - Down
    - FinSandboxSDK (= 1.0.1)
  - FinApplet (2.49.8-dev20250908v11):
    - FinAgentic
  - FinSandboxSDK (1.0.1)

DEPENDENCIES:
  - FinApplet (= 2.49.8-dev20250908v11)

SPEC REPOS:
  https://git.finogeeks.com/cocoapods/FinPods:
    - FinAgentic
    - FinApplet
    - FinSandboxSDK
  https://mirrors.tuna.tsinghua.edu.cn/git/CocoaPods/Specs.git:
    - Down

SPEC CHECKSUMS:
  Down: b6ba1bc985c9d2f4e15e3b293d2207766fa12612
  FinAgentic: b513d648ab7f0ab3b8e4a30dddd30f12174fb609
  FinApplet: a40e328b4c53fd278eac0d91456dcc9b5aabe214
  FinSandboxSDK: c466209d995b7aa7dd842eb3d6fa42f2c64ed727

PODFILE CHECKSUM: 327609689eaed62712028cb8b5cb35dce412a644

COCOAPODS: 1.16.2
